# This is a Gradle generated file for dependency locking.
# Manual edits can break the build and are not advised.
# This file is expected to be part of source control.
com.fasterxml.jackson.core:jackson-annotations:2.13.3=runtimeClasspath
com.fasterxml.jackson.core:jackson-core:2.13.2=compileClasspath,runtimeClasspath
com.fasterxml.jackson.core:jackson-databind:2.13.3=runtimeClasspath
com.fasterxml.jackson:jackson-bom:2.13.2=compileClasspath,runtimeClasspath
com.google.api.grpc:proto-google-common-protos:2.0.1=compileClasspath,runtimeClasspath
com.google.auto.value:auto-value-annotations:1.9=runtimeClasspath
com.google.code.findbugs:jsr305:3.0.2=runtimeClasspath
com.google.errorprone:error_prone_annotations:2.11.0=runtimeClasspath
com.google.guava:failureaccess:1.0.1=compileClasspath,runtimeClasspath
com.google.guava:guava:31.1-jre=compileClasspath,runtimeClasspath
com.google.guava:listenablefuture:9999.0-empty-to-avoid-conflict-with-guava=compileClasspath,runtimeClasspath
com.google.j2objc:j2objc-annotations:1.3=runtimeClasspath
com.google.protobuf:protobuf-java-util:3.19.2=runtimeClasspath
com.google.protobuf:protobuf-java:3.19.2=compileClasspath,runtimeClasspath
com.h2database:h2:1.4.197=compileClasspath,runtimeClasspath
com.jcraft:jsch:0.1.54=compileClasspath,runtimeClasspath
commons-codec:commons-codec:1.13=compileClasspath,runtimeClasspath
commons-logging:commons-logging:1.1.1=compileClasspath,runtimeClasspath
io.etcd:jetcd-api:0.7.1=compileClasspath,runtimeClasspath
io.etcd:jetcd-common:0.7.1=compileClasspath,runtimeClasspath
io.etcd:jetcd-core:0.7.1=compileClasspath,runtimeClasspath
io.etcd:jetcd-grpc:0.7.1=compileClasspath,runtimeClasspath
io.grpc:grpc-api:1.46.0=compileClasspath,runtimeClasspath
io.grpc:grpc-context:1.46.0=compileClasspath,runtimeClasspath
io.grpc:grpc-core:1.46.0=compileClasspath,runtimeClasspath
io.grpc:grpc-grpclb:1.46.0=compileClasspath,runtimeClasspath
io.grpc:grpc-netty:1.46.0=compileClasspath,runtimeClasspath
io.grpc:grpc-protobuf-lite:1.46.0=compileClasspath,runtimeClasspath
io.grpc:grpc-protobuf:1.46.0=compileClasspath,runtimeClasspath
io.grpc:grpc-stub:1.46.0=compileClasspath,runtimeClasspath
io.netty:netty-buffer:4.1.74.Final=compileClasspath,runtimeClasspath
io.netty:netty-codec-dns:4.1.74.Final=compileClasspath,runtimeClasspath
io.netty:netty-codec-http2:4.1.74.Final=compileClasspath,runtimeClasspath
io.netty:netty-codec-http:4.1.74.Final=compileClasspath,runtimeClasspath
io.netty:netty-codec-socks:4.1.74.Final=compileClasspath,runtimeClasspath
io.netty:netty-codec:4.1.74.Final=compileClasspath,runtimeClasspath
io.netty:netty-common:4.1.74.Final=compileClasspath,runtimeClasspath
io.netty:netty-handler-proxy:4.1.74.Final=compileClasspath,runtimeClasspath
io.netty:netty-handler:4.1.74.Final=compileClasspath,runtimeClasspath
io.netty:netty-resolver-dns:4.1.74.Final=compileClasspath,runtimeClasspath
io.netty:netty-resolver:4.1.74.Final=compileClasspath,runtimeClasspath
io.netty:netty-tcnative-classes:2.0.48.Final=compileClasspath,runtimeClasspath
io.netty:netty-transport:4.1.74.Final=compileClasspath,runtimeClasspath
io.perfmark:perfmark-api:0.25.0=runtimeClasspath
io.projectreactor:reactor-core:3.4.14=runtimeClasspath
io.vertx:vertx-core:4.2.7=compileClasspath,runtimeClasspath
io.vertx:vertx-grpc:4.2.7=compileClasspath,runtimeClasspath
javax.annotation:javax.annotation-api:1.3.2=compileClasspath,runtimeClasspath
javax.cache:cache-api:1.1.1=compileClasspath,runtimeClasspath
javax.ws.rs:javax.ws.rs-api:2.1.1=runtimeClasspath
jline:jline:2.12.1=compileClasspath,runtimeClasspath
net.jodah:failsafe:2.4.4=compileClasspath,runtimeClasspath
org.apache.commons:commons-lang3:3.12.0=compileClasspath,runtimeClasspath
org.apache.commons:commons-math3:3.6.1=runtimeClasspath
org.apache.commons:commons-text:1.9=runtimeClasspath
org.apache.ignite:ignite-core:2.13.0=compileClasspath,runtimeClasspath
org.apache.ignite:ignite-indexing:2.13.0=compileClasspath,runtimeClasspath
org.apache.ignite:ignite-kubernetes:2.13.0=runtimeClasspath
org.apache.ignite:ignite-slf4j:2.13.0=runtimeClasspath
org.apache.ignite:ignite-spring:2.13.0=compileClasspath,runtimeClasspath
org.apache.ignite:ignite-ssh:2.13.0=compileClasspath,runtimeClasspath
org.apache.ignite:ignite-visor-console:2.13.0=compileClasspath,runtimeClasspath
org.apache.logging.log4j:log4j-api:2.17.2=runtimeClasspath
org.apache.logging.log4j:log4j-core:2.17.2=runtimeClasspath
org.apache.lucene:lucene-analyzers-common:7.4.0=compileClasspath,runtimeClasspath
org.apache.lucene:lucene-core:7.4.0=compileClasspath,runtimeClasspath
org.apache.lucene:lucene-queries:7.4.0=compileClasspath,runtimeClasspath
org.apache.lucene:lucene-queryparser:7.4.0=compileClasspath,runtimeClasspath
org.apache.lucene:lucene-sandbox:7.4.0=compileClasspath,runtimeClasspath
org.checkerframework:checker-qual:3.12.0=compileClasspath,runtimeClasspath
org.jetbrains:annotations:16.0.3=compileClasspath,runtimeClasspath
org.owasp.encoder:encoder:1.2.3=runtimeClasspath
org.reactivestreams:reactive-streams:1.0.3=runtimeClasspath
org.scala-lang:scala-library:2.11.12=compileClasspath,runtimeClasspath
org.slf4j:slf4j-api:1.7.36=compileClasspath,runtimeClasspath
org.springframework:spring-aop:5.2.21.RELEASE=compileClasspath,runtimeClasspath
org.springframework:spring-beans:5.2.21.RELEASE=compileClasspath,runtimeClasspath
org.springframework:spring-context:5.2.21.RELEASE=compileClasspath,runtimeClasspath
org.springframework:spring-core:5.2.21.RELEASE=compileClasspath,runtimeClasspath
org.springframework:spring-expression:5.2.21.RELEASE=compileClasspath,runtimeClasspath
org.springframework:spring-jcl:5.2.21.RELEASE=compileClasspath,runtimeClasspath
empty=annotationProcessor
