# This is a Gradle generated file for dependency locking.
# Manual edits can break the build and are not advised.
# This file is expected to be part of source control.
com.github.luben:zstd-jni:1.4.9-1=compileClasspath,runtimeClasspath
commons-cli:commons-cli:1.5.0=compileClasspath,runtimeClasspath
org.apache.kafka:kafka-clients:2.8.0=compileClasspath,runtimeClasspath
org.lz4:lz4-java:1.7.1=compileClasspath,runtimeClasspath
org.slf4j:slf4j-api:1.7.32=compileClasspath,runtimeClasspath
org.xerial.snappy:snappy-java:1.1.8.1=compileClasspath,runtimeClasspath
empty=annotationProcessor
