name: config-loader
channels:
  - conda-forge
dependencies:
  - _libgcc_mutex=0.1
  - _openmp_mutex=4.5
  - brotlipy=0.7.0
  - bzip2=1.0.8
  - ca-certificates=2021.10.8
  - certifi=2021.10.8
  - cffi=1.15.0
  - charset-normalizer=2.0.12
  - click=8.1.2
  - cryptography=36.0.2
  - flask=2.1.1
  - flask-executor=0.10.0
  - flask-sqlalchemy=2.5.1
  - greenlet=1.1.2
  - gunicorn=20.1.0
  - idna=3.3
  - importlib-metadata=4.11.3
  - itsdangerous=2.1.2
  - jinja2=3.1.1
  - ld_impl_linux-64=2.36.1
  - libffi=3.4.2
  - libgcc-ng=11.2.0
  - libgomp=11.2.0
  - libnsl=2.0.0
  - libstdcxx-ng=11.2.0
  - libuuid=2.32.1
  - libzlib=1.2.11
  - markupsafe=2.1.1
  - ncurses=6.3
  - openssl=1.1.1n
  - pip=22.0.4
  - pycparser=2.21
  - pyopenssl=22.0.0
  - pysocks=1.7.1
  - python=3.10.4
  - python_abi=3.10
  - pyyaml=6.0
  - readline=8.1
  - requests=2.27.1
  - setuptools=62.1.0
  - sqlalchemy=1.4.35
  - sqlite=3.38.2
  - tk=8.6.12
  - tzdata=2022a
  - urllib3=1.26.9
  - werkzeug=2.1.1
  - wheel=0.37.1
  - xz=5.2.5
  - yaml=0.2.5
  - zipp=3.8.0
  - zlib=1.2.11
