name: python
channels:
  - conda-forge
dependencies:
  - _libgcc_mutex=0.1
  - _openmp_mutex=4.5
  - bzip2=1.0.8
  - ca-certificates=2021.10.8
  - ld_impl_linux-64=2.36.1
  - libffi=3.4.2
  - libgcc-ng=11.2.0
  - libgomp=11.2.0
  - libnsl=2.0.0
  - libuuid=2.32.1
  - libzlib=1.2.11
  - ncurses=6.3
  - openssl=3.0.2
  - pip=22.0.4
  - python=3.10.4
  - python_abi=3.10
  - readline=8.1
  - setuptools=62.1.0
  - sqlite=3.38.2
  - tk=8.6.12
  - tzdata=2022a
  - wheel=0.37.1
  - xz=5.2.5
  - zlib=1.2.11
